
Microsoft Visual Studio Solution File, Format Version 12.00
# Visual Studio Version 17
VisualStudioVersion = 17.8.34525.116
MinimumVisualStudioVersion = 10.0.40219.1
Project("{2150E333-8FDC-42A3-9474-1A3956D46DE8}") = "Catalog", "Catalog", "{91C362C7-BC8F-47F9-8EFE-237F4E664241}"
EndProject
Project("{FAE04EC0-301F-11D3-BF4B-00C04F79EFBC}") = "DAL", "DAL\DAL.csproj", "{13542557-0659-405F-9C9A-A0788AB9266F}"
EndProject
Project("{FAE04EC0-301F-11D3-BF4B-00C04F79EFBC}") = "DAL.Tests", "DAL.Tests\DAL.Tests.csproj", "{F215916A-C2D1-4BF4-9B1C-55829C166435}"
EndProject
Project("{FAE04EC0-301F-11D3-BF4B-00C04F79EFBC}") = "BLL", "BLL\BLL.csproj", "{C7412468-82B3-4373-A13E-43B307C8EB73}"
EndProject
Project("{FAE04EC0-301F-11D3-BF4B-00C04F79EFBC}") = "CCL", "CCL\CCL.csproj", "{83D86087-8FDE-4566-84B4-B4765897225C}"
EndProject
Project("{FAE04EC0-301F-11D3-BF4B-00C04F79EFBC}") = "BLL.Tests", "BLL.Tests\BLL.Tests.csproj", "{567C8D42-7764-4506-A206-36C71647CD69}"
EndProject
Global
	GlobalSection(SolutionConfigurationPlatforms) = preSolution
		Debug|Any CPU = Debug|Any CPU
		Release|Any CPU = Release|Any CPU
	EndGlobalSection
	GlobalSection(ProjectConfigurationPlatforms) = postSolution
		{13542557-0659-405F-9C9A-A0788AB9266F}.Debug|Any CPU.ActiveCfg = Debug|Any CPU
		{13542557-0659-405F-9C9A-A0788AB9266F}.Debug|Any CPU.Build.0 = Debug|Any CPU
		{13542557-0659-405F-9C9A-A0788AB9266F}.Release|Any CPU.ActiveCfg = Release|Any CPU
		{13542557-0659-405F-9C9A-A0788AB9266F}.Release|Any CPU.Build.0 = Release|Any CPU
		{F215916A-C2D1-4BF4-9B1C-55829C166435}.Debug|Any CPU.ActiveCfg = Debug|Any CPU
		{F215916A-C2D1-4BF4-9B1C-55829C166435}.Debug|Any CPU.Build.0 = Debug|Any CPU
		{F215916A-C2D1-4BF4-9B1C-55829C166435}.Release|Any CPU.ActiveCfg = Release|Any CPU
		{F215916A-C2D1-4BF4-9B1C-55829C166435}.Release|Any CPU.Build.0 = Release|Any CPU
		{C7412468-82B3-4373-A13E-43B307C8EB73}.Debug|Any CPU.ActiveCfg = Debug|Any CPU
		{C7412468-82B3-4373-A13E-43B307C8EB73}.Debug|Any CPU.Build.0 = Debug|Any CPU
		{C7412468-82B3-4373-A13E-43B307C8EB73}.Release|Any CPU.ActiveCfg = Release|Any CPU
		{C7412468-82B3-4373-A13E-43B307C8EB73}.Release|Any CPU.Build.0 = Release|Any CPU
		{83D86087-8FDE-4566-84B4-B4765897225C}.Debug|Any CPU.ActiveCfg = Debug|Any CPU
		{83D86087-8FDE-4566-84B4-B4765897225C}.Debug|Any CPU.Build.0 = Debug|Any CPU
		{83D86087-8FDE-4566-84B4-B4765897225C}.Release|Any CPU.ActiveCfg = Release|Any CPU
		{83D86087-8FDE-4566-84B4-B4765897225C}.Release|Any CPU.Build.0 = Release|Any CPU
		{567C8D42-7764-4506-A206-36C71647CD69}.Debug|Any CPU.ActiveCfg = Debug|Any CPU
		{567C8D42-7764-4506-A206-36C71647CD69}.Debug|Any CPU.Build.0 = Debug|Any CPU
		{567C8D42-7764-4506-A206-36C71647CD69}.Release|Any CPU.ActiveCfg = Release|Any CPU
		{567C8D42-7764-4506-A206-36C71647CD69}.Release|Any CPU.Build.0 = Release|Any CPU
	EndGlobalSection
	GlobalSection(SolutionProperties) = preSolution
		HideSolutionNode = FALSE
	EndGlobalSection
	GlobalSection(NestedProjects) = preSolution
		{13542557-0659-405F-9C9A-A0788AB9266F} = {91C362C7-BC8F-47F9-8EFE-237F4E664241}
		{F215916A-C2D1-4BF4-9B1C-55829C166435} = {91C362C7-BC8F-47F9-8EFE-237F4E664241}
		{C7412468-82B3-4373-A13E-43B307C8EB73} = {91C362C7-BC8F-47F9-8EFE-237F4E664241}
		{83D86087-8FDE-4566-84B4-B4765897225C} = {91C362C7-BC8F-47F9-8EFE-237F4E664241}
		{567C8D42-7764-4506-A206-36C71647CD69} = {91C362C7-BC8F-47F9-8EFE-237F4E664241}
	EndGlobalSection
	GlobalSection(ExtensibilityGlobals) = postSolution
		SolutionGuid = {6E5AF5EE-A3E5-44B0-9DAC-5CAB27F58CDB}
	EndGlobalSection
EndGlobal
